
Microsoft Visual Studio Solution File, Format Version 12.00
# Visual Studio Version 16
VisualStudioVersion = 16.0.31105.61
MinimumVisualStudioVersion = 10.0.40219.1
Project("{FAE04EC0-301F-11D3-BF4B-00C04F79EFBC}") = "SalesMine.Carts.API", "SalesMine.Carts.API\SalesMine.Carts.API.csproj", "{848302B7-2524-4535-B6E8-AE1F00376090}"
EndProject
Global
	GlobalSection(SolutionConfigurationPlatforms) = preSolution
		Debug|Any CPU = Debug|Any CPU
		Release|Any CPU = Release|Any CPU
	EndGlobalSection
	GlobalSection(ProjectConfigurationPlatforms) = postSolution
		{848302B7-2524-4535-B6E8-AE1F00376090}.Debug|Any CPU.ActiveCfg = Debug|Any CPU
		{848302B7-2524-4535-B6E8-AE1F00376090}.Debug|Any CPU.Build.0 = Debug|Any CPU
		{848302B7-2524-4535-B6E8-AE1F00376090}.Release|Any CPU.ActiveCfg = Release|Any CPU
		{848302B7-2524-4535-B6E8-AE1F00376090}.Release|Any CPU.Build.0 = Release|Any CPU
	EndGlobalSection
	GlobalSection(SolutionProperties) = preSolution
		HideSolutionNode = FALSE
	EndGlobalSection
	GlobalSection(ExtensibilityGlobals) = postSolution
		SolutionGuid = {E1D0C226-1D1F-406C-AD74-CEE1527CD421}
	EndGlobalSection
EndGlobal
